
Microsoft Visual Studio Solution File, Format Version 12.00
# Visual Studio Version 17
VisualStudioVersion = 17.11.35327.3
MinimumVisualStudioVersion = 10.0.40219.1
Project("{FAE04EC0-301F-11D3-BF4B-00C04F79EFBC}") = "MyConsoleApp", "MyConsoleApp\MyConsoleApp.csproj", "{BDC281AA-AEC3-4DB1-8AC5-F9D05170EEEC}"
EndProject
Project("{FAE04EC0-301F-11D3-BF4B-00C04F79EFBC}") = "MyLibrary", "MyLibrary\MyLibrary.csproj", "{046C927C-F09E-4156-9EA8-B4CA7B876109}"
EndProject
Global
	GlobalSection(SolutionConfigurationPlatforms) = preSolution
		Debug|Any CPU = Debug|Any CPU
		Release|Any CPU = Release|Any CPU
	EndGlobalSection
	GlobalSection(ProjectConfigurationPlatforms) = postSolution
		{BDC281AA-AEC3-4DB1-8AC5-F9D05170EEEC}.Debug|Any CPU.ActiveCfg = Debug|Any CPU
		{BDC281AA-AEC3-4DB1-8AC5-F9D05170EEEC}.Debug|Any CPU.Build.0 = Debug|Any CPU
		{BDC281AA-AEC3-4DB1-8AC5-F9D05170EEEC}.Release|Any CPU.ActiveCfg = Release|Any CPU
		{BDC281AA-AEC3-4DB1-8AC5-F9D05170EEEC}.Release|Any CPU.Build.0 = Release|Any CPU
		{046C927C-F09E-4156-9EA8-B4CA7B876109}.Debug|Any CPU.ActiveCfg = Debug|Any CPU
		{046C927C-F09E-4156-9EA8-B4CA7B876109}.Debug|Any CPU.Build.0 = Debug|Any CPU
		{046C927C-F09E-4156-9EA8-B4CA7B876109}.Release|Any CPU.ActiveCfg = Release|Any CPU
		{046C927C-F09E-4156-9EA8-B4CA7B876109}.Release|Any CPU.Build.0 = Release|Any CPU
	EndGlobalSection
	GlobalSection(SolutionProperties) = preSolution
		HideSolutionNode = FALSE
	EndGlobalSection
	GlobalSection(ExtensibilityGlobals) = postSolution
		SolutionGuid = {6C9A3244-3A12-416E-8B8D-15D534674A14}
	EndGlobalSection
EndGlobal
